// !$*UTF8*$!
{
	archiveVersion = 1;
	classes = {
	};
	objectVersion = 46;
	objects = {

/* Begin PBXBuildFile section */
		87020DDB1D060F9200B3471C /* AppDelegate.swift in Sources */ = {isa = PBXBuildFile; fileRef = 87020DDA1D060F9200B3471C /* AppDelegate.swift */; };
		87020DE21D060F9300B3471C /* Assets.xcassets in Resources */ = {isa = PBXBuildFile; fileRef = 87020DE11D060F9300B3471C /* Assets.xcassets */; };
		87020DE51D060F9300B3471C /* LaunchScreen.storyboard in Resources */ = {isa = PBXBuildFile; fileRef = 87020DE31D060F9300B3471C /* LaunchScreen.storyboard */; };
		8799B5ED1D06134F00950EE1 /* GoogleService-Info.plist in Resources */ = {isa = PBXBuildFile; fileRef = 8799B5EC1D06134F00950EE1 /* GoogleService-Info.plist */; };
		8799B5EF1D0616FF00950EE1 /* UIColor+Extensions.swift in Sources */ = {isa = PBXBuildFile; fileRef = 8799B5EE1D0616FF00950EE1 /* UIColor+Extensions.swift */; };
		8799B5F11D062A8B00950EE1 /* UIView+Extensions.swift in Sources */ = {isa = PBXBuildFile; fileRef = 8799B5F01D062A8B00950EE1 /* UIView+Extensions.swift */; };
		8799B5F31D062AA200950EE1 /* UILabel+Extensions.swift in Sources */ = {isa = PBXBuildFile; fileRef = 8799B5F21D062AA200950EE1 /* UILabel+Extensions.swift */; };
		8799B5F51D062AF200950EE1 /* NSLayoutConstraint+Extensions.swift in Sources */ = {isa = PBXBuildFile; fileRef = 8799B5F41D062AF200950EE1 /* NSLayoutConstraint+Extensions.swift */; };
		8799B5F71D062B0A00950EE1 /* GUConstants.swift in Sources */ = {isa = PBXBuildFile; fileRef = 8799B5F61D062B0A00950EE1 /* GUConstants.swift */; };
		87ACECAA1D08ABE5001DAF8C /* GULoginController.swift in Sources */ = {isa = PBXBuildFile; fileRef = 87ACECA91D08ABE5001DAF8C /* GULoginController.swift */; };
		A1BDC3FA3EBCF190B18B3926 /* Pods_GroceryUber.framework in Frameworks */ = {isa = PBXBuildFile; fileRef = 2B1AC44D592BB25181D3BA14 /* Pods_GroceryUber.framework */; };
/* End PBXBuildFile section */

/* Begin PBXFileReference section */
		2B1AC44D592BB25181D3BA14 /* Pods_GroceryUber.framework */ = {isa = PBXFileReference; explicitFileType = wrapper.framework; includeInIndex = 0; path = Pods_GroceryUber.framework; sourceTree = BUILT_PRODUCTS_DIR; };
		4AEF68676FC67BADC9F35788 /* Pods-GroceryUber.release.xcconfig */ = {isa = PBXFileReference; includeInIndex = 1; lastKnownFileType = text.xcconfig; name = "Pods-GroceryUber.release.xcconfig"; path = "Pods/Target Support Files/Pods-GroceryUber/Pods-GroceryUber.release.xcconfig"; sourceTree = "<group>"; };
		87020DD71D060F9200B3471C /* GroceryUber.app */ = {isa = PBXFileReference; explicitFileType = wrapper.application; includeInIndex = 0; path = GroceryUber.app; sourceTree = BUILT_PRODUCTS_DIR; };
		87020DDA1D060F9200B3471C /* AppDelegate.swift */ = {isa = PBXFileReference; lastKnownFileType = sourcecode.swift; path = AppDelegate.swift; sourceTree = "<group>"; };
		87020DE11D060F9300B3471C /* Assets.xcassets */ = {isa = PBXFileReference; lastKnownFileType = folder.assetcatalog; path = Assets.xcassets; sourceTree = "<group>"; };
		87020DE41D060F9300B3471C /* Base */ = {isa = PBXFileReference; lastKnownFileType = file.storyboard; name = Base; path = Base.lproj/LaunchScreen.storyboard; sourceTree = "<group>"; };
		87020DE61D060F9300B3471C /* Info.plist */ = {isa = PBXFileReference; lastKnownFileType = text.plist.xml; path = Info.plist; sourceTree = "<group>"; };
		8799B5EC1D06134F00950EE1 /* GoogleService-Info.plist */ = {isa = PBXFileReference; fileEncoding = 4; lastKnownFileType = text.plist.xml; path = "GoogleService-Info.plist"; sourceTree = SOURCE_ROOT; };
		8799B5EE1D0616FF00950EE1 /* UIColor+Extensions.swift */ = {isa = PBXFileReference; fileEncoding = 4; lastKnownFileType = sourcecode.swift; path = "UIColor+Extensions.swift"; sourceTree = "<group>"; };
		8799B5F01D062A8B00950EE1 /* UIView+Extensions.swift */ = {isa = PBXFileReference; fileEncoding = 4; lastKnownFileType = sourcecode.swift; path = "UIView+Extensions.swift"; sourceTree = "<group>"; };
		8799B5F21D062AA200950EE1 /* UILabel+Extensions.swift */ = {isa = PBXFileReference; fileEncoding = 4; lastKnownFileType = sourcecode.swift; path = "UILabel+Extensions.swift"; sourceTree = "<group>"; };
		8799B5F41D062AF200950EE1 /* NSLayoutConstraint+Extensions.swift */ = {isa = PBXFileReference; fileEncoding = 4; lastKnownFileType = sourcecode.swift; path = "NSLayoutConstraint+Extensions.swift"; sourceTree = "<group>"; };
		8799B5F61D062B0A00950EE1 /* GUConstants.swift */ = {isa = PBXFileReference; fileEncoding = 4; lastKnownFileType = sourcecode.swift; path = GUConstants.swift; sourceTree = "<group>"; };
		87ACECA91D08ABE5001DAF8C /* GULoginController.swift */ = {isa = PBXFileReference; fileEncoding = 4; lastKnownFileType = sourcecode.swift; path = GULoginController.swift; sourceTree = "<group>"; };
		9623300EA33B193EFEEC1815 /* Pods-GroceryUber.debug.xcconfig */ = {isa = PBXFileReference; includeInIndex = 1; lastKnownFileType = text.xcconfig; name = "Pods-GroceryUber.debug.xcconfig"; path = "Pods/Target Support Files/Pods-GroceryUber/Pods-GroceryUber.debug.xcconfig"; sourceTree = "<group>"; };
/* End PBXFileReference section */

/* Begin PBXFrameworksBuildPhase section */
		87020DD41D060F9200B3471C /* Frameworks */ = {
			isa = PBXFrameworksBuildPhase;
			buildActionMask = 2147483647;
			files = (
				A1BDC3FA3EBCF190B18B3926 /* Pods_GroceryUber.framework in Frameworks */,
			);
			runOnlyForDeploymentPostprocessing = 0;
		};
/* End PBXFrameworksBuildPhase section */

/* Begin PBXGroup section */
		334260D298E2A35C251E4E50 /* Frameworks */ = {
			isa = PBXGroup;
			children = (
				2B1AC44D592BB25181D3BA14 /* Pods_GroceryUber.framework */,
			);
			name = Frameworks;
			sourceTree = "<group>";
		};
		87020DCE1D060F9200B3471C = {
			isa = PBXGroup;
			children = (
				87020DD91D060F9200B3471C /* GroceryUber */,
				87020DD81D060F9200B3471C /* Products */,
				B7B9F7AC0A5E53799156A8CF /* Pods */,
				334260D298E2A35C251E4E50 /* Frameworks */,
			);
			sourceTree = "<group>";
		};
		87020DD81D060F9200B3471C /* Products */ = {
			isa = PBXGroup;
			children = (
				87020DD71D060F9200B3471C /* GroceryUber.app */,
			);
			name = Products;
			sourceTree = "<group>";
		};
		87020DD91D060F9200B3471C /* GroceryUber */ = {
			isa = PBXGroup;
			children = (
				87020DEE1D06108800B3471C /* Constants+Extensions */,
				8799B5F81D062B6500950EE1 /* Interfaces */,
				87020DED1D06107C00B3471C /* Models */,
				87020DEC1D06107400B3471C /* ViewControllers */,
				87020DDA1D060F9200B3471C /* AppDelegate.swift */,
				87020DE11D060F9300B3471C /* Assets.xcassets */,
				87020DE31D060F9300B3471C /* LaunchScreen.storyboard */,
				8799B5EC1D06134F00950EE1 /* GoogleService-Info.plist */,
				87020DE61D060F9300B3471C /* Info.plist */,
			);
			path = GroceryUber;
			sourceTree = "<group>";
		};
		87020DEC1D06107400B3471C /* ViewControllers */ = {
			isa = PBXGroup;
			children = (
				87ACECA91D08ABE5001DAF8C /* GULoginController.swift */,
			);
			name = ViewControllers;
			sourceTree = "<group>";
		};
		87020DED1D06107C00B3471C /* Models */ = {
			isa = PBXGroup;
			children = (
			);
			name = Models;
			sourceTree = "<group>";
		};
		87020DEE1D06108800B3471C /* Constants+Extensions */ = {
			isa = PBXGroup;
			children = (
				8799B5EE1D0616FF00950EE1 /* UIColor+Extensions.swift */,
				8799B5F21D062AA200950EE1 /* UILabel+Extensions.swift */,
				8799B5F01D062A8B00950EE1 /* UIView+Extensions.swift */,
				8799B5F41D062AF200950EE1 /* NSLayoutConstraint+Extensions.swift */,
				8799B5F61D062B0A00950EE1 /* GUConstants.swift */,
			);
			name = "Constants+Extensions";
			sourceTree = "<group>";
		};
		8799B5F81D062B6500950EE1 /* Interfaces */ = {
			isa = PBXGroup;
			children = (
			);
			name = Interfaces;
			sourceTree = "<group>";
		};
		B7B9F7AC0A5E53799156A8CF /* Pods */ = {
			isa = PBXGroup;
			children = (
				9623300EA33B193EFEEC1815 /* Pods-GroceryUber.debug.xcconfig */,
				4AEF68676FC67BADC9F35788 /* Pods-GroceryUber.release.xcconfig */,
			);
			name = Pods;
			sourceTree = "<group>";
		};
/* End PBXGroup section */

/* Begin PBXNativeTarget section */
		87020DD61D060F9200B3471C /* GroceryUber */ = {
			isa = PBXNativeTarget;
			buildConfigurationList = 87020DE91D060F9300B3471C /* Build configuration list for PBXNativeTarget "GroceryUber" */;
			buildPhases = (
				95D462E6B0E5D8AFB9D30609 /* 📦 Check Pods Manifest.lock */,
				87020DD31D060F9200B3471C /* Sources */,
				87020DD41D060F9200B3471C /* Frameworks */,
				87020DD51D060F9200B3471C /* Resources */,
				58056145A2615A3D82228A07 /* 📦 Embed Pods Frameworks */,
				D0BFAE5F1F2C6E53C7EE6253 /* 📦 Copy Pods Resources */,
			);
			buildRules = (
			);
			dependencies = (
			);
			name = GroceryUber;
			productName = GroceryUber;
			productReference = 87020DD71D060F9200B3471C /* GroceryUber.app */;
			productType = "com.apple.product-type.application";
		};
/* End PBXNativeTarget section */

/* Begin PBXProject section */
		87020DCF1D060F9200B3471C /* Project object */ = {
			isa = PBXProject;
			attributes = {
				LastSwiftUpdateCheck = 0730;
				LastUpgradeCheck = 0730;
				ORGANIZATIONNAME = "Sahaj Bhatt";
				TargetAttributes = {
					87020DD61D060F9200B3471C = {
						CreatedOnToolsVersion = 7.3.1;
						DevelopmentTeam = U9X42PLV7V;
					};
				};
			};
			buildConfigurationList = 87020DD21D060F9200B3471C /* Build configuration list for PBXProject "GroceryUber" */;
			compatibilityVersion = "Xcode 3.2";
			developmentRegion = English;
			hasScannedForEncodings = 0;
			knownRegions = (
				en,
				Base,
			);
			mainGroup = 87020DCE1D060F9200B3471C;
			productRefGroup = 87020DD81D060F9200B3471C /* Products */;
			projectDirPath = "";
			projectRoot = "";
			targets = (
				87020DD61D060F9200B3471C /* GroceryUber */,
			);
		};
/* End PBXProject section */

/* Begin PBXResourcesBuildPhase section */
		87020DD51D060F9200B3471C /* Resources */ = {
			isa = PBXResourcesBuildPhase;
			buildActionMask = 2147483647;
			files = (
				87020DE51D060F9300B3471C /* LaunchScreen.storyboard in Resources */,
				87020DE21D060F9300B3471C /* Assets.xcassets in Resources */,
				8799B5ED1D06134F00950EE1 /* GoogleService-Info.plist in Resources */,
			);
			runOnlyForDeploymentPostprocessing = 0;
		};
/* End PBXResourcesBuildPhase section */

/* Begin PBXShellScriptBuildPhase section */
		58056145A2615A3D82228A07 /* 📦 Embed Pods Frameworks */ = {
			isa = PBXShellScriptBuildPhase;
			buildActionMask = 2147483647;
			files = (
			);
			inputPaths = (
			);
			name = "📦 Embed Pods Frameworks";
			outputPaths = (
			);
			runOnlyForDeploymentPostprocessing = 0;
			shellPath = /bin/sh;
			shellScript = "\"${SRCROOT}/Pods/Target Support Files/Pods-GroceryUber/Pods-GroceryUber-frameworks.sh\"\n";
			showEnvVarsInLog = 0;
		};
		95D462E6B0E5D8AFB9D30609 /* 📦 Check Pods Manifest.lock */ = {
			isa = PBXShellScriptBuildPhase;
			buildActionMask = 2147483647;
			files = (
			);
			inputPaths = (
			);
			name = "📦 Check Pods Manifest.lock";
			outputPaths = (
			);
			runOnlyForDeploymentPostprocessing = 0;
			shellPath = /bin/sh;
			shellScript = "diff \"${PODS_ROOT}/../Podfile.lock\" \"${PODS_ROOT}/Manifest.lock\" > /dev/null\nif [[ $? != 0 ]] ; then\n    cat << EOM\nerror: The sandbox is not in sync with the Podfile.lock. Run 'pod install' or update your CocoaPods installation.\nEOM\n    exit 1\nfi\n";
			showEnvVarsInLog = 0;
		};
		D0BFAE5F1F2C6E53C7EE6253 /* 📦 Copy Pods Resources */ = {
			isa = PBXShellScriptBuildPhase;
			buildActionMask = 2147483647;
			files = (
			);
			inputPaths = (
			);
			name = "📦 Copy Pods Resources";
			outputPaths = (
			);
			runOnlyForDeploymentPostprocessing = 0;
			shellPath = /bin/sh;
			shellScript = "\"${SRCROOT}/Pods/Target Support Files/Pods-GroceryUber/Pods-GroceryUber-resources.sh\"\n";
			showEnvVarsInLog = 0;
		};
/* End PBXShellScriptBuildPhase section */

/* Begin PBXSourcesBuildPhase section */
		87020DD31D060F9200B3471C /* Sources */ = {
			isa = PBXSourcesBuildPhase;
			buildActionMask = 2147483647;
			files = (
				8799B5F31D062AA200950EE1 /* UILabel+Extensions.swift in Sources */,
				87ACECAA1D08ABE5001DAF8C /* GULoginController.swift in Sources */,
				8799B5F71D062B0A00950EE1 /* GUConstants.swift in Sources */,
				8799B5F11D062A8B00950EE1 /* UIView+Extensions.swift in Sources */,
				87020DDB1D060F9200B3471C /* AppDelegate.swift in Sources */,
				8799B5F51D062AF200950EE1 /* NSLayoutConstraint+Extensions.swift in Sources */,
				8799B5EF1D0616FF00950EE1 /* UIColor+Extensions.swift in Sources */,
			);
			runOnlyForDeploymentPostprocessing = 0;
		};
/* End PBXSourcesBuildPhase section */

/* Begin PBXVariantGroup section */
		87020DE31D060F9300B3471C /* LaunchScreen.storyboard */ = {
			isa = PBXVariantGroup;
			children = (
				87020DE41D060F9300B3471C /* Base */,
			);
			name = LaunchScreen.storyboard;
			sourceTree = "<group>";
		};
/* End PBXVariantGroup section */

/* Begin XCBuildConfiguration section */
		87020DE71D060F9300B3471C /* Debug */ = {
			isa = XCBuildConfiguration;
			buildSettings = {
				ALWAYS_SEARCH_USER_PATHS = NO;
				CLANG_ANALYZER_NONNULL = YES;
				CLANG_CXX_LANGUAGE_STANDARD = "gnu++0x";
				CLANG_CXX_LIBRARY = "libc++";
				CLANG_ENABLE_MODULES = YES;
				CLANG_ENABLE_OBJC_ARC = YES;
				CLANG_WARN_BOOL_CONVERSION = YES;
				CLANG_WARN_CONSTANT_CONVERSION = YES;
				CLANG_WARN_DIRECT_OBJC_ISA_USAGE = YES_ERROR;
				CLANG_WARN_EMPTY_BODY = YES;
				CLANG_WARN_ENUM_CONVERSION = YES;
				CLANG_WARN_INT_CONVERSION = YES;
				CLANG_WARN_OBJC_ROOT_CLASS = YES_ERROR;
				CLANG_WARN_UNREACHABLE_CODE = YES;
				CLANG_WARN__DUPLICATE_METHOD_MATCH = YES;
				"CODE_SIGN_IDENTITY[sdk=iphoneos*]" = "iPhone Developer";
				COPY_PHASE_STRIP = NO;
				DEBUG_INFORMATION_FORMAT = dwarf;
				ENABLE_STRICT_OBJC_MSGSEND = YES;
				ENABLE_TESTABILITY = YES;
				GCC_C_LANGUAGE_STANDARD = gnu99;
				GCC_DYNAMIC_NO_PIC = NO;
				GCC_NO_COMMON_BLOCKS = YES;
				GCC_OPTIMIZATION_LEVEL = 0;
				GCC_PREPROCESSOR_DEFINITIONS = (
					"DEBUG=1",
					"$(inherited)",
				);
				GCC_WARN_64_TO_32_BIT_CONVERSION = YES;
				GCC_WARN_ABOUT_RETURN_TYPE = YES_ERROR;
				GCC_WARN_UNDECLARED_SELECTOR = YES;
				GCC_WARN_UNINITIALIZED_AUTOS = YES_AGGRESSIVE;
				GCC_WARN_UNUSED_FUNCTION = YES;
				GCC_WARN_UNUSED_VARIABLE = YES;
				IPHONEOS_DEPLOYMENT_TARGET = 9.3;
				MTL_ENABLE_DEBUG_INFO = YES;
				ONLY_ACTIVE_ARCH = YES;
				SDKROOT = iphoneos;
				SWIFT_OPTIMIZATION_LEVEL = "-Onone";
				TARGETED_DEVICE_FAMILY = "1,2";
			};
			name = Debug;
		};
		87020DE81D060F9300B3471C /* Release */ = {
			isa = XCBuildConfiguration;
			buildSettings = {
				ALWAYS_SEARCH_USER_PATHS = NO;
				CLANG_ANALYZER_NONNULL = YES;
				CLANG_CXX_LANGUAGE_STANDARD = "gnu++0x";
				CLANG_CXX_LIBRARY = "libc++";
				CLANG_ENABLE_MODULES = YES;
				CLANG_ENABLE_OBJC_ARC = YES;
				CLANG_WARN_BOOL_CONVERSION = YES;
				CLANG_WARN_CONSTANT_CONVERSION = YES;
				CLANG_WARN_DIRECT_OBJC_ISA_USAGE = YES_ERROR;
				CLANG_WARN_EMPTY_BODY = YES;
				CLANG_WARN_ENUM_CONVERSION = YES;
				CLANG_WARN_INT_CONVERSION = YES;
				CLANG_WARN_OBJC_ROOT_CLASS = YES_ERROR;
				CLANG_WARN_UNREACHABLE_CODE = YES;
				CLANG_WARN__DUPLICATE_METHOD_MATCH = YES;
				"CODE_SIGN_IDENTITY[sdk=iphoneos*]" = "iPhone Developer";
				COPY_PHASE_STRIP = NO;
				DEBUG_INFORMATION_FORMAT = "dwarf-with-dsym";
				ENABLE_NS_ASSERTIONS = NO;
				ENABLE_STRICT_OBJC_MSGSEND = YES;
				GCC_C_LANGUAGE_STANDARD = gnu99;
				GCC_NO_COMMON_BLOCKS = YES;
				GCC_WARN_64_TO_32_BIT_CONVERSION = YES;
				GCC_WARN_ABOUT_RETURN_TYPE = YES_ERROR;
				GCC_WARN_UNDECLARED_SELECTOR = YES;
				GCC_WARN_UNINITIALIZED_AUTOS = YES_AGGRESSIVE;
				GCC_WARN_UNUSED_FUNCTION = YES;
				GCC_WARN_UNUSED_VARIABLE = YES;
				IPHONEOS_DEPLOYMENT_TARGET = 9.3;
				MTL_ENABLE_DEBUG_INFO = NO;
				SDKROOT = iphoneos;
				TARGETED_DEVICE_FAMILY = "1,2";
				VALIDATE_PRODUCT = YES;
			};
			name = Release;
		};
		87020DEA1D060F9300B3471C /* Debug */ = {
			isa = XCBuildConfiguration;
			baseConfigurationReference = 9623300EA33B193EFEEC1815 /* Pods-GroceryUber.debug.xcconfig */;
			buildSettings = {
				ASSETCATALOG_COMPILER_APPICON_NAME = AppIcon;
				INFOPLIST_FILE = GroceryUber/Info.plist;
				LD_RUNPATH_SEARCH_PATHS = "$(inherited) @executable_path/Frameworks";
				PRODUCT_BUNDLE_IDENTIFIER = com.sahajbhatt.GroceryUber;
				PRODUCT_NAME = "$(TARGET_NAME)";
			};
			name = Debug;
		};
		87020DEB1D060F9300B3471C /* Release */ = {
			isa = XCBuildConfiguration;
			baseConfigurationReference = 4AEF68676FC67BADC9F35788 /* Pods-GroceryUber.release.xcconfig */;
			buildSettings = {
				ASSETCATALOG_COMPILER_APPICON_NAME = AppIcon;
				INFOPLIST_FILE = GroceryUber/Info.plist;
				LD_RUNPATH_SEARCH_PATHS = "$(inherited) @executable_path/Frameworks";
				PRODUCT_BUNDLE_IDENTIFIER = com.sahajbhatt.GroceryUber;
				PRODUCT_NAME = "$(TARGET_NAME)";
			};
			name = Release;
		};
/* End XCBuildConfiguration section */

/* Begin XCConfigurationList section */
		87020DD21D060F9200B3471C /* Build configuration list for PBXProject "GroceryUber" */ = {
			isa = XCConfigurationList;
			buildConfigurations = (
				87020DE71D060F9300B3471C /* Debug */,
				87020DE81D060F9300B3471C /* Release */,
			);
			defaultConfigurationIsVisible = 0;
			defaultConfigurationName = Release;
		};
		87020DE91D060F9300B3471C /* Build configuration list for PBXNativeTarget "GroceryUber" */ = {
			isa = XCConfigurationList;
			buildConfigurations = (
				87020DEA1D060F9300B3471C /* Debug */,
				87020DEB1D060F9300B3471C /* Release */,
			);
			defaultConfigurationIsVisible = 0;
			defaultConfigurationName = Release;
		};
/* End XCConfigurationList section */
	};
	rootObject = 87020DCF1D060F9200B3471C /* Project object */;
}
